
Microsoft Visual Studio Solution File, Format Version 12.00
# Visual Studio Version 17
VisualStudioVersion = 17.0.31825.309
MinimumVisualStudioVersion = 10.0.40219.1
Project("{FAE04EC0-301F-11D3-BF4B-00C04F79EFBC}") = "Triangle", "Triangle\Triangle.csproj", "{1184F59C-51F6-4343-934C-9132D4D85159}"
EndProject
Global
	GlobalSection(SolutionConfigurationPlatforms) = preSolution
		Debug|Any CPU = Debug|Any CPU
		Release|Any CPU = Release|Any CPU
	EndGlobalSection
	GlobalSection(ProjectConfigurationPlatforms) = postSolution
		{1184F59C-51F6-4343-934C-9132D4D85159}.Debug|Any CPU.ActiveCfg = Debug|Any CPU
		{1184F59C-51F6-4343-934C-9132D4D85159}.Debug|Any CPU.Build.0 = Debug|Any CPU
		{1184F59C-51F6-4343-934C-9132D4D85159}.Release|Any CPU.ActiveCfg = Release|Any CPU
		{1184F59C-51F6-4343-934C-9132D4D85159}.Release|Any CPU.Build.0 = Release|Any CPU
	EndGlobalSection
	GlobalSection(SolutionProperties) = preSolution
		HideSolutionNode = FALSE
	EndGlobalSection
	GlobalSection(ExtensibilityGlobals) = postSolution
		SolutionGuid = {484DC2B4-4E01-4FF7-AEFF-AEE52285E11B}
	EndGlobalSection
EndGlobal
